
Microsoft Visual Studio Solution File, Format Version 12.00
# Visual Studio 15
VisualStudioVersion = 15.0.26730.15
MinimumVisualStudioVersion = 10.0.40219.1
Project("{8BC9CEB8-8B4A-11D0-8D11-00A0C91BC942}") = "3D Physics - class4 Handout", "3D Physics.vcxproj", "{746CC4C3-787F-4B0E-AA66-E388FE3FF4F6}"
EndProject
Project("{FAE04EC0-301F-11D3-BF4B-00C04F79EFBC}") = "CulverinEditor", "..\CulverinEditor\CulverinEditor\CulverinEditor.csproj", "{CC7B7538-9331-4996-847E-78762C9A8CBC}"
EndProject
Global
	GlobalSection(SolutionConfigurationPlatforms) = preSolution
		Debug|Any CPU = Debug|Any CPU
		Debug|Win32 = Debug|Win32
		Debug|x64 = Debug|x64
		Release|Any CPU = Release|Any CPU
		Release|Win32 = Release|Win32
		Release|x64 = Release|x64
	EndGlobalSection
	GlobalSection(ProjectConfigurationPlatforms) = postSolution
		{746CC4C3-787F-4B0E-AA66-E388FE3FF4F6}.Debug|Any CPU.ActiveCfg = Debug|Win32
		{746CC4C3-787F-4B0E-AA66-E388FE3FF4F6}.Debug|Win32.ActiveCfg = Debug|Win32
		{746CC4C3-787F-4B0E-AA66-E388FE3FF4F6}.Debug|Win32.Build.0 = Debug|Win32
		{746CC4C3-787F-4B0E-AA66-E388FE3FF4F6}.Debug|x64.ActiveCfg = Debug|Win32
		{746CC4C3-787F-4B0E-AA66-E388FE3FF4F6}.Release|Any CPU.ActiveCfg = Release|Win32
		{746CC4C3-787F-4B0E-AA66-E388FE3FF4F6}.Release|Win32.ActiveCfg = Release|Win32
		{746CC4C3-787F-4B0E-AA66-E388FE3FF4F6}.Release|Win32.Build.0 = Release|Win32
		{746CC4C3-787F-4B0E-AA66-E388FE3FF4F6}.Release|x64.ActiveCfg = Release|Win32
		{CC7B7538-9331-4996-847E-78762C9A8CBC}.Debug|Any CPU.ActiveCfg = Debug|Any CPU
		{CC7B7538-9331-4996-847E-78762C9A8CBC}.Debug|Any CPU.Build.0 = Debug|Any CPU
		{CC7B7538-9331-4996-847E-78762C9A8CBC}.Debug|Win32.ActiveCfg = Debug|Any CPU
		{CC7B7538-9331-4996-847E-78762C9A8CBC}.Debug|x64.ActiveCfg = Debug|Any CPU
		{CC7B7538-9331-4996-847E-78762C9A8CBC}.Debug|x64.Build.0 = Debug|Any CPU
		{CC7B7538-9331-4996-847E-78762C9A8CBC}.Release|Any CPU.ActiveCfg = Release|Any CPU
		{CC7B7538-9331-4996-847E-78762C9A8CBC}.Release|Any CPU.Build.0 = Release|Any CPU
		{CC7B7538-9331-4996-847E-78762C9A8CBC}.Release|Win32.ActiveCfg = Release|Any CPU
		{CC7B7538-9331-4996-847E-78762C9A8CBC}.Release|Win32.Build.0 = Release|Any CPU
		{CC7B7538-9331-4996-847E-78762C9A8CBC}.Release|x64.ActiveCfg = Release|Any CPU
		{CC7B7538-9331-4996-847E-78762C9A8CBC}.Release|x64.Build.0 = Release|Any CPU
	EndGlobalSection
	GlobalSection(SolutionProperties) = preSolution
		HideSolutionNode = FALSE
	EndGlobalSection
	GlobalSection(ExtensibilityGlobals) = postSolution
		SolutionGuid = {69C53393-8401-4FC3-B2ED-CB7CB86CF282}
	EndGlobalSection
EndGlobal
