<?xml version="1.0" encoding="utf-8"?>
<Project ToolsVersion="4.0" xmlns="http://schemas.microsoft.com/developer/msbuild/2003">
  <ItemGroup>
    <Filter Include="Engine">
      <UniqueIdentifier>{8b7ed093-66ce-4096-96d2-fbb9faa4bf52}</UniqueIdentifier>
    </Filter>
    <Filter Include="Engine\Modules">
      <UniqueIdentifier>{7b418be2-1631-4a31-9ef2-8a8b234a7339}</UniqueIdentifier>
    </Filter>
    <Filter Include="Engine\Containers">
      <UniqueIdentifier>{afc36133-f401-499a-aa33-0da1e500fb52}</UniqueIdentifier>
    </Filter>
    <Filter Include="Engine\Tools">
      <UniqueIdentifier>{7e4dfaf7-022c-4f7d-92aa-f3b3fa9d6248}</UniqueIdentifier>
    </Filter>
    <Filter Include="Engine\Helpers">
      <UniqueIdentifier>{121f8e6b-df36-4ab0-be0d-601ddfc9e503}</UniqueIdentifier>
    </Filter>
    <Filter Include="Engine\Modules\Player %28need%3f%29">
      <UniqueIdentifier>{83f46af7-e02f-40c0-9e56-41d76082527b}</UniqueIdentifier>
    </Filter>
    <Filter Include="Engine\Modules\Scene">
      <UniqueIdentifier>{6b6604d6-5443-4ace-bc98-2b5ec7a6644c}</UniqueIdentifier>
    </Filter>
    <Filter Include="Engine\MathGeoLib">
      <UniqueIdentifier>{de24078f-d076-4751-804f-c382be02a72b}</UniqueIdentifier>
    </Filter>
    <Filter Include="Engine\MathGeoLib\Algorithm">
      <UniqueIdentifier>{3db769ff-5b0d-479f-a232-b3332a8e8027}</UniqueIdentifier>
    </Filter>
    <Filter Include="Engine\MathGeoLib\Geometry">
      <UniqueIdentifier>{8b3e318f-dc5f-44ff-99fc-6a029d7874c0}</UniqueIdentifier>
    </Filter>
    <Filter Include="Engine\MathGeoLib\Math">
      <UniqueIdentifier>{2261a44f-caee-477e-8148-8c112cf99c0f}</UniqueIdentifier>
    </Filter>
    <Filter Include="Engine\ImGUI">
      <UniqueIdentifier>{3a461483-07e2-49b8-874c-558975aee6e5}</UniqueIdentifier>
    </Filter>
    <Filter Include="Engine\MathGeoLib\Time">
      <UniqueIdentifier>{6286d2d2-877a-4d01-ae19-f300cc45e963}</UniqueIdentifier>
    </Filter>
    <Filter Include="Engine\Modules\UI">
      <UniqueIdentifier>{57009f2d-5c28-4ee8-b19f-51edef2f7ca0}</UniqueIdentifier>
    </Filter>
    <Filter Include="Engine\Parson">
      <UniqueIdentifier>{b19f9a02-ebed-4122-83b4-caf0bb4431ea}</UniqueIdentifier>
    </Filter>
    <Filter Include="Engine\Modules\Objects">
      <UniqueIdentifier>{a188973f-53a0-4cc7-a9b9-c9a4ce412609}</UniqueIdentifier>
    </Filter>
    <Filter Include="Engine\Modules\Geometries">
      <UniqueIdentifier>{15bcc5f3-901e-4481-a9ee-7f498dc4f2d5}</UniqueIdentifier>
    </Filter>
    <Filter Include="Resource">
      <UniqueIdentifier>{4ae33826-973f-492a-b2c3-1b1685d9677e}</UniqueIdentifier>
    </Filter>
  </ItemGroup>
  <ItemGroup>
    <ClInclude Include="Module.h">
      <Filter>Engine\Modules</Filter>
    </ClInclude>
    <ClInclude Include="ModuleAudio.h">
      <Filter>Engine\Modules</Filter>
    </ClInclude>
    <ClInclude Include="ModuleCamera3D.h">
      <Filter>Engine\Modules</Filter>
    </ClInclude>
    <ClInclude Include="ModuleInput.h">
      <Filter>Engine\Modules</Filter>
    </ClInclude>
    <ClInclude Include="ModuleRenderer3D.h">
      <Filter>Engine\Modules</Filter>
    </ClInclude>
    <ClInclude Include="ModuleWindow.h">
      <Filter>Engine\Modules</Filter>
    </ClInclude>
    <ClInclude Include="p2DynArray.h">
      <Filter>Engine\Containers</Filter>
    </ClInclude>
    <ClInclude Include="p2List.h">
      <Filter>Engine\Containers</Filter>
    </ClInclude>
    <ClInclude Include="p2Point.h">
      <Filter>Engine\Containers</Filter>
    </ClInclude>
    <ClInclude Include="glmath.h">
      <Filter>Engine\Containers</Filter>
    </ClInclude>
    <ClInclude Include="Application.h">
      <Filter>Engine</Filter>
    </ClInclude>
    <ClInclude Include="Globals.h">
      <Filter>Engine</Filter>
    </ClInclude>
    <ClInclude Include="Primitive.h">
      <Filter>Engine\Helpers</Filter>
    </ClInclude>
    <ClInclude Include="Color.h">
      <Filter>Engine\Containers</Filter>
    </ClInclude>
    <ClInclude Include="Light.h">
      <Filter>Engine\Helpers</Filter>
    </ClInclude>
    <ClInclude Include="Timer.h">
      <Filter>Engine\Tools</Filter>
    </ClInclude>
    <ClInclude Include="ModulePhysics3D.h">
      <Filter>Engine\Modules</Filter>
    </ClInclude>
    <ClInclude Include="PhysBody3D.h">
      <Filter>Engine\Helpers</Filter>
    </ClInclude>
    <ClInclude Include="PhysVehicle3D.h">
      <Filter>Engine\Helpers</Filter>
    </ClInclude>
    <ClInclude Include="ModulePlayer.h">
      <Filter>Engine\Modules\Player %28need%3f%29</Filter>
    </ClInclude>
    <ClInclude Include="Scene.h">
      <Filter>Engine\Modules\Scene</Filter>
    </ClInclude>
    <ClInclude Include="MathBuildConfig.h">
      <Filter>Engine\MathGeoLib</Filter>
    </ClInclude>
    <ClInclude Include="MathGeoLib.h">
      <Filter>Engine\MathGeoLib</Filter>
    </ClInclude>
    <ClInclude Include="MathGeoLibFwd.h">
      <Filter>Engine\MathGeoLib</Filter>
    </ClInclude>
    <ClInclude Include="Algorithm\Random\LCG.h">
      <Filter>Engine\MathGeoLib\Algorithm</Filter>
    </ClInclude>
    <ClInclude Include="Geometry\AABB.h">
      <Filter>Engine\MathGeoLib\Geometry</Filter>
    </ClInclude>
    <ClInclude Include="Geometry\AABB2D.h">
      <Filter>Engine\MathGeoLib\Geometry</Filter>
    </ClInclude>
    <ClInclude Include="Geometry\Capsule.h">
      <Filter>Engine\MathGeoLib\Geometry</Filter>
    </ClInclude>
    <ClInclude Include="Geometry\Circle.h">
      <Filter>Engine\MathGeoLib\Geometry</Filter>
    </ClInclude>
    <ClInclude Include="Geometry\Frustum.h">
      <Filter>Engine\MathGeoLib\Geometry</Filter>
    </ClInclude>
    <ClInclude Include="Geometry\GeometryAll.h">
      <Filter>Engine\MathGeoLib\Geometry</Filter>
    </ClInclude>
    <ClInclude Include="Geometry\GeomType.h">
      <Filter>Engine\MathGeoLib\Geometry</Filter>
    </ClInclude>
    <ClInclude Include="Geometry\HitInfo.h">
      <Filter>Engine\MathGeoLib\Geometry</Filter>
    </ClInclude>
    <ClInclude Include="Geometry\KDTree.h">
      <Filter>Engine\MathGeoLib\Geometry</Filter>
    </ClInclude>
    <ClInclude Include="Geometry\Line.h">
      <Filter>Engine\MathGeoLib\Geometry</Filter>
    </ClInclude>
    <ClInclude Include="Geometry\LineSegment.h">
      <Filter>Engine\MathGeoLib\Geometry</Filter>
    </ClInclude>
    <ClInclude Include="Geometry\OBB.h">
      <Filter>Engine\MathGeoLib\Geometry</Filter>
    </ClInclude>
    <ClInclude Include="Geometry\PBVolume.h">
      <Filter>Engine\MathGeoLib\Geometry</Filter>
    </ClInclude>
    <ClInclude Include="Geometry\Plane.h">
      <Filter>Engine\MathGeoLib\Geometry</Filter>
    </ClInclude>
    <ClInclude Include="Geometry\Polygon.h">
      <Filter>Engine\MathGeoLib\Geometry</Filter>
    </ClInclude>
    <ClInclude Include="Geometry\Polyhedron.h">
      <Filter>Engine\MathGeoLib\Geometry</Filter>
    </ClInclude>
    <ClInclude Include="Geometry\QuadTree.h">
      <Filter>Engine\MathGeoLib\Geometry</Filter>
    </ClInclude>
    <ClInclude Include="Geometry\Ray.h">
      <Filter>Engine\MathGeoLib\Geometry</Filter>
    </ClInclude>
    <ClInclude Include="Geometry\Sphere.h">
      <Filter>Engine\MathGeoLib\Geometry</Filter>
    </ClInclude>
    <ClInclude Include="Geometry\Triangle.h">
      <Filter>Engine\MathGeoLib\Geometry</Filter>
    </ClInclude>
    <ClInclude Include="Geometry\TriangleMesh.h">
      <Filter>Engine\MathGeoLib\Geometry</Filter>
    </ClInclude>
    <ClInclude Include="Math\assume.h">
      <Filter>Engine\MathGeoLib\Math</Filter>
    </ClInclude>
    <ClInclude Include="Math\BitOps.h">
      <Filter>Engine\MathGeoLib\Math</Filter>
    </ClInclude>
    <ClInclude Include="Math\Complex.h">
      <Filter>Engine\MathGeoLib\Math</Filter>
    </ClInclude>
    <ClInclude Include="Math\CoordinateAxisConvention.h">
      <Filter>Engine\MathGeoLib\Math</Filter>
    </ClInclude>
    <ClInclude Include="Math\FixedPoint.h">
      <Filter>Engine\MathGeoLib\Math</Filter>
    </ClInclude>
    <ClInclude Include="Math\float2.h">
      <Filter>Engine\MathGeoLib\Math</Filter>
    </ClInclude>
    <ClInclude Include="Math\float3.h">
      <Filter>Engine\MathGeoLib\Math</Filter>
    </ClInclude>
    <ClInclude Include="Math\float3x3.h">
      <Filter>Engine\MathGeoLib\Math</Filter>
    </ClInclude>
    <ClInclude Include="Math\float3x4.h">
      <Filter>Engine\MathGeoLib\Math</Filter>
    </ClInclude>
    <ClInclude Include="Math\float4.h">
      <Filter>Engine\MathGeoLib\Math</Filter>
    </ClInclude>
    <ClInclude Include="Math\float4_neon.h">
      <Filter>Engine\MathGeoLib\Math</Filter>
    </ClInclude>
    <ClInclude Include="Math\float4_sse.h">
      <Filter>Engine\MathGeoLib\Math</Filter>
    </ClInclude>
    <ClInclude Include="Math\float4x4.h">
      <Filter>Engine\MathGeoLib\Math</Filter>
    </ClInclude>
    <ClInclude Include="Math\float4x4_neon.h">
      <Filter>Engine\MathGeoLib\Math</Filter>
    </ClInclude>
    <ClInclude Include="Math\float4x4_sse.h">
      <Filter>Engine\MathGeoLib\Math</Filter>
    </ClInclude>
    <ClInclude Include="Math\FloatCmp.h">
      <Filter>Engine\MathGeoLib\Math</Filter>
    </ClInclude>
    <ClInclude Include="Math\MathAll.h">
      <Filter>Engine\MathGeoLib\Math</Filter>
    </ClInclude>
    <ClInclude Include="Math\MathConstants.h">
      <Filter>Engine\MathGeoLib\Math</Filter>
    </ClInclude>
    <ClInclude Include="Math\MathFunc.h">
      <Filter>Engine\MathGeoLib\Math</Filter>
    </ClInclude>
    <ClInclude Include="Math\MathLog.h">
      <Filter>Engine\MathGeoLib\Math</Filter>
    </ClInclude>
    <ClInclude Include="Math\MathNamespace.h">
      <Filter>Engine\MathGeoLib\Math</Filter>
    </ClInclude>
    <ClInclude Include="Math\MathTypes.h">
      <Filter>Engine\MathGeoLib\Math</Filter>
    </ClInclude>
    <ClInclude Include="Math\MatrixProxy.h">
      <Filter>Engine\MathGeoLib\Math</Filter>
    </ClInclude>
    <ClInclude Include="Math\myassert.h">
      <Filter>Engine\MathGeoLib\Math</Filter>
    </ClInclude>
    <ClInclude Include="Math\Polynomial.h">
      <Filter>Engine\MathGeoLib\Math</Filter>
    </ClInclude>
    <ClInclude Include="Math\Quat.h">
      <Filter>Engine\MathGeoLib\Math</Filter>
    </ClInclude>
    <ClInclude Include="Math\quat_simd.h">
      <Filter>Engine\MathGeoLib\Math</Filter>
    </ClInclude>
    <ClInclude Include="Math\Rect.h">
      <Filter>Engine\MathGeoLib\Math</Filter>
    </ClInclude>
    <ClInclude Include="Math\Reinterpret.h">
      <Filter>Engine\MathGeoLib\Math</Filter>
    </ClInclude>
    <ClInclude Include="Math\sse_mathfun.h">
      <Filter>Engine\MathGeoLib\Math</Filter>
    </ClInclude>
    <ClInclude Include="Math\SSEMath.h">
      <Filter>Engine\MathGeoLib\Math</Filter>
    </ClInclude>
    <ClInclude Include="Math\TransformOps.h">
      <Filter>Engine\MathGeoLib\Math</Filter>
    </ClInclude>
    <ClInclude Include="Time\Clock.h">
      <Filter>Engine\MathGeoLib\Time</Filter>
    </ClInclude>
    <ClInclude Include="ModuleConsole.h">
      <Filter>Engine\Modules</Filter>
    </ClInclude>
    <ClInclude Include="ModuleGUI.h">
      <Filter>Engine\Modules\UI</Filter>
    </ClInclude>
    <ClInclude Include="ModuleHardware.h">
      <Filter>Engine\Modules\UI</Filter>
    </ClInclude>
    <ClInclude Include="WindowManager.h">
      <Filter>Engine\Modules\UI</Filter>
    </ClInclude>
    <ClInclude Include="parson.h">
      <Filter>Engine\Parson</Filter>
    </ClInclude>
    <ClInclude Include="PerfTimer.h">
      <Filter>Engine\Tools</Filter>
    </ClInclude>
    <ClInclude Include="ModuleObjectsUI.h">
      <Filter>Engine\Modules\UI</Filter>
    </ClInclude>
    <ClInclude Include="ModuleObjects.h">
      <Filter>Engine\Modules\Objects</Filter>
    </ClInclude>
    <ClInclude Include="ModuleInspector.h">
      <Filter>Engine\Modules\UI</Filter>
    </ClInclude>
    <ClInclude Include="Cylindre.h">
      <Filter>Engine\Modules\Geometries</Filter>
    </ClInclude>
    <ClInclude Include="ImGui\imconfig.h">
      <Filter>Engine\ImGUI</Filter>
    </ClInclude>
    <ClInclude Include="ImGui\imgui.h">
      <Filter>Engine\ImGUI</Filter>
    </ClInclude>
    <ClInclude Include="ImGui\imgui_impl_sdl_gl3.h">
      <Filter>Engine\ImGUI</Filter>
    </ClInclude>
    <ClInclude Include="ImGui\imgui_internal.h">
      <Filter>Engine\ImGUI</Filter>
    </ClInclude>
    <ClInclude Include="ImGui\stb_rect_pack.h">
      <Filter>Engine\ImGUI</Filter>
    </ClInclude>
    <ClInclude Include="ImGui\stb_textedit.h">
      <Filter>Engine\ImGUI</Filter>
    </ClInclude>
    <ClInclude Include="ImGui\stb_truetype.h">
      <Filter>Engine\ImGUI</Filter>
    </ClInclude>
    <ClInclude Include="ImGui\imgui_dock.h">
      <Filter>Engine\ImGUI</Filter>
    </ClInclude>
    <ClInclude Include="ModuleFBXLoader.h">
      <Filter>Engine\Modules</Filter>
    </ClInclude>
    <ClInclude Include="BaseObject.h">
      <Filter>Engine\Modules\Objects</Filter>
    </ClInclude>
    <ClInclude Include="resource.h">
      <Filter>Resource</Filter>
    </ClInclude>
  </ItemGroup>
  <ItemGroup>
    <ClCompile Include="ModuleAudio.cpp">
      <Filter>Engine\Modules</Filter>
    </ClCompile>
    <ClCompile Include="ModuleCamera3D.cpp">
      <Filter>Engine\Modules</Filter>
    </ClCompile>
    <ClCompile Include="ModuleInput.cpp">
      <Filter>Engine\Modules</Filter>
    </ClCompile>
    <ClCompile Include="ModuleRenderer3D.cpp">
      <Filter>Engine\Modules</Filter>
    </ClCompile>
    <ClCompile Include="ModuleWindow.cpp">
      <Filter>Engine\Modules</Filter>
    </ClCompile>
    <ClCompile Include="log.cpp">
      <Filter>Engine\Tools</Filter>
    </ClCompile>
    <ClCompile Include="Timer.cpp">
      <Filter>Engine\Tools</Filter>
    </ClCompile>
    <ClCompile Include="Application.cpp">
      <Filter>Engine</Filter>
    </ClCompile>
    <ClCompile Include="Main.cpp">
      <Filter>Engine</Filter>
    </ClCompile>
    <ClCompile Include="glmath.cpp">
      <Filter>Engine\Containers</Filter>
    </ClCompile>
    <ClCompile Include="Primitive.cpp">
      <Filter>Engine\Helpers</Filter>
    </ClCompile>
    <ClCompile Include="Color.cpp">
      <Filter>Engine\Containers</Filter>
    </ClCompile>
    <ClCompile Include="Light.cpp">
      <Filter>Engine\Helpers</Filter>
    </ClCompile>
    <ClCompile Include="ModulePhysics3D.cpp">
      <Filter>Engine\Modules</Filter>
    </ClCompile>
    <ClCompile Include="PhysBody3D.cpp">
      <Filter>Engine\Helpers</Filter>
    </ClCompile>
    <ClCompile Include="PhysVehicle3D.cpp">
      <Filter>Engine\Helpers</Filter>
    </ClCompile>
    <ClCompile Include="ModulePlayer.cpp">
      <Filter>Engine\Modules\Player %28need%3f%29</Filter>
    </ClCompile>
    <ClCompile Include="Scene.cpp">
      <Filter>Engine\Modules\Scene</Filter>
    </ClCompile>
    <ClCompile Include="Algorithm\Random\LCG.cpp">
      <Filter>Engine\MathGeoLib\Algorithm</Filter>
    </ClCompile>
    <ClCompile Include="Geometry\AABB.cpp">
      <Filter>Engine\MathGeoLib\Geometry</Filter>
    </ClCompile>
    <ClCompile Include="Geometry\Capsule.cpp">
      <Filter>Engine\MathGeoLib\Geometry</Filter>
    </ClCompile>
    <ClCompile Include="Geometry\Circle.cpp">
      <Filter>Engine\MathGeoLib\Geometry</Filter>
    </ClCompile>
    <ClCompile Include="Geometry\Frustum.cpp">
      <Filter>Engine\MathGeoLib\Geometry</Filter>
    </ClCompile>
    <ClCompile Include="Geometry\Line.cpp">
      <Filter>Engine\MathGeoLib\Geometry</Filter>
    </ClCompile>
    <ClCompile Include="Geometry\LineSegment.cpp">
      <Filter>Engine\MathGeoLib\Geometry</Filter>
    </ClCompile>
    <ClCompile Include="Geometry\OBB.cpp">
      <Filter>Engine\MathGeoLib\Geometry</Filter>
    </ClCompile>
    <ClCompile Include="Geometry\Plane.cpp">
      <Filter>Engine\MathGeoLib\Geometry</Filter>
    </ClCompile>
    <ClCompile Include="Geometry\Polygon.cpp">
      <Filter>Engine\MathGeoLib\Geometry</Filter>
    </ClCompile>
    <ClCompile Include="Geometry\Polyhedron.cpp">
      <Filter>Engine\MathGeoLib\Geometry</Filter>
    </ClCompile>
    <ClCompile Include="Geometry\Ray.cpp">
      <Filter>Engine\MathGeoLib\Geometry</Filter>
    </ClCompile>
    <ClCompile Include="Geometry\Sphere.cpp">
      <Filter>Engine\MathGeoLib\Geometry</Filter>
    </ClCompile>
    <ClCompile Include="Geometry\Triangle.cpp">
      <Filter>Engine\MathGeoLib\Geometry</Filter>
    </ClCompile>
    <ClCompile Include="Geometry\TriangleMesh.cpp">
      <Filter>Engine\MathGeoLib\Geometry</Filter>
    </ClCompile>
    <ClCompile Include="Math\BitOps.cpp">
      <Filter>Engine\MathGeoLib\Math</Filter>
    </ClCompile>
    <ClCompile Include="Math\float2.cpp">
      <Filter>Engine\MathGeoLib\Math</Filter>
    </ClCompile>
    <ClCompile Include="Math\float3.cpp">
      <Filter>Engine\MathGeoLib\Math</Filter>
    </ClCompile>
    <ClCompile Include="Math\float3x3.cpp">
      <Filter>Engine\MathGeoLib\Math</Filter>
    </ClCompile>
    <ClCompile Include="Math\float3x4.cpp">
      <Filter>Engine\MathGeoLib\Math</Filter>
    </ClCompile>
    <ClCompile Include="Math\float4.cpp">
      <Filter>Engine\MathGeoLib\Math</Filter>
    </ClCompile>
    <ClCompile Include="Math\float4x4.cpp">
      <Filter>Engine\MathGeoLib\Math</Filter>
    </ClCompile>
    <ClCompile Include="Math\MathFunc.cpp">
      <Filter>Engine\MathGeoLib\Math</Filter>
    </ClCompile>
    <ClCompile Include="Math\MathLog.cpp">
      <Filter>Engine\MathGeoLib\Math</Filter>
    </ClCompile>
    <ClCompile Include="Math\MathOps.cpp">
      <Filter>Engine\MathGeoLib\Math</Filter>
    </ClCompile>
    <ClCompile Include="Math\Polynomial.cpp">
      <Filter>Engine\MathGeoLib\Math</Filter>
    </ClCompile>
    <ClCompile Include="Math\Quat.cpp">
      <Filter>Engine\MathGeoLib\Math</Filter>
    </ClCompile>
    <ClCompile Include="Math\SSEMath.cpp">
      <Filter>Engine\MathGeoLib\Math</Filter>
    </ClCompile>
    <ClCompile Include="Math\TransformOps.cpp">
      <Filter>Engine\MathGeoLib\Math</Filter>
    </ClCompile>
    <ClCompile Include="Time\Clock.cpp">
      <Filter>Engine\MathGeoLib\Time</Filter>
    </ClCompile>
    <ClCompile Include="ModuleConsole.cpp">
      <Filter>Engine\Modules</Filter>
    </ClCompile>
    <ClCompile Include="ModuleGUI.cpp">
      <Filter>Engine\Modules\UI</Filter>
    </ClCompile>
    <ClCompile Include="ModuleHardware.cpp">
      <Filter>Engine\Modules\UI</Filter>
    </ClCompile>
    <ClCompile Include="parson.cpp">
      <Filter>Engine\Parson</Filter>
    </ClCompile>
    <ClCompile Include="PerfTimer.cpp">
      <Filter>Engine\Tools</Filter>
    </ClCompile>
    <ClCompile Include="ModuleObjectsUI.cpp">
      <Filter>Engine\Modules\UI</Filter>
    </ClCompile>
    <ClCompile Include="ModuleObjects.cpp">
      <Filter>Engine\Modules\Objects</Filter>
    </ClCompile>
    <ClCompile Include="ModuleInspector.cpp">
      <Filter>Engine\Modules\UI</Filter>
    </ClCompile>
    <ClCompile Include="Cylindre.cpp">
      <Filter>Engine\Modules\Geometries</Filter>
    </ClCompile>
    <ClCompile Include="ImGui\imgui.cpp">
      <Filter>Engine\ImGUI</Filter>
    </ClCompile>
    <ClCompile Include="ImGui\imgui_demo.cpp">
      <Filter>Engine\ImGUI</Filter>
    </ClCompile>
    <ClCompile Include="ImGui\imgui_draw.cpp">
      <Filter>Engine\ImGUI</Filter>
    </ClCompile>
    <ClCompile Include="ImGui\imgui_impl_sdl_gl3.cpp">
      <Filter>Engine\ImGUI</Filter>
    </ClCompile>
    <ClCompile Include="ImGui\imgui_dock.cpp">
      <Filter>Engine\ImGUI</Filter>
    </ClCompile>
    <ClCompile Include="ModuleFBXLoader.cpp">
      <Filter>Engine\Modules</Filter>
    </ClCompile>
    <ClCompile Include="BaseObject.cpp">
      <Filter>Engine\Modules\Objects</Filter>
    </ClCompile>
  </ItemGroup>
  <ItemGroup>
    <None Include="Geometry\KDTree.inl">
      <Filter>Engine\MathGeoLib\Geometry</Filter>
    </None>
    <None Include="Geometry\QuadTree.inl">
      <Filter>Engine\MathGeoLib\Geometry</Filter>
    </None>
    <None Include="Math\Matrix.inl">
      <Filter>Engine\MathGeoLib\Math</Filter>
    </None>
    <None Include="Game\config.json" />
  </ItemGroup>
  <ItemGroup>
    <ResourceCompile Include="Resource.rc">
      <Filter>Resource</Filter>
    </ResourceCompile>
  </ItemGroup>
</Project>