
Microsoft Visual Studio Solution File, Format Version 12.00
# Visual Studio 15
VisualStudioVersion = 15.0.27130.2003
MinimumVisualStudioVersion = 10.0.40219.1
Project("{FAE04EC0-301F-11D3-BF4B-00C04F79EFBC}") = "ScriptingProject", "ScriptingProject\ScriptingProject.csproj", "{012A5114-31C4-4DFF-A464-5020BDDA58D1}"
EndProject
Global
	GlobalSection(SolutionConfigurationPlatforms) = preSolution
		Debug|Any CPU = Debug|Any CPU
		Release|Any CPU = Release|Any CPU
	EndGlobalSection
	GlobalSection(ProjectConfigurationPlatforms) = postSolution
		{012A5114-31C4-4DFF-A464-5020BDDA58D1}.Debug|Any CPU.ActiveCfg = Debug|Any CPU
		{012A5114-31C4-4DFF-A464-5020BDDA58D1}.Debug|Any CPU.Build.0 = Debug|Any CPU
		{012A5114-31C4-4DFF-A464-5020BDDA58D1}.Release|Any CPU.ActiveCfg = Release|Any CPU
		{012A5114-31C4-4DFF-A464-5020BDDA58D1}.Release|Any CPU.Build.0 = Release|Any CPU
	EndGlobalSection
	GlobalSection(SolutionProperties) = preSolution
		HideSolutionNode = FALSE
	EndGlobalSection
	GlobalSection(ExtensibilityGlobals) = postSolution
		SolutionGuid = {D83D83BD-CE53-4CA7-92DF-E73AEC984E75}
	EndGlobalSection
EndGlobal
